
Microsoft Visual Studio Solution File, Format Version 12.00
# Visual Studio Version 16
VisualStudioVersion = 16.0.31424.327
MinimumVisualStudioVersion = 10.0.40219.1
Project("{FAE04EC0-301F-11D3-BF4B-00C04F79EFBC}") = "FizzBuzzMVC", "FizzBuzzMVC\FizzBuzzMVC.csproj", "{093D7A43-61B2-4E39-BAFD-8FFD4DFC5200}"
EndProject
Global
	GlobalSection(SolutionConfigurationPlatforms) = preSolution
		Debug|Any CPU = Debug|Any CPU
		Release|Any CPU = Release|Any CPU
	EndGlobalSection
	GlobalSection(ProjectConfigurationPlatforms) = postSolution
		{093D7A43-61B2-4E39-BAFD-8FFD4DFC5200}.Debug|Any CPU.ActiveCfg = Debug|Any CPU
		{093D7A43-61B2-4E39-BAFD-8FFD4DFC5200}.Debug|Any CPU.Build.0 = Debug|Any CPU
		{093D7A43-61B2-4E39-BAFD-8FFD4DFC5200}.Release|Any CPU.ActiveCfg = Release|Any CPU
		{093D7A43-61B2-4E39-BAFD-8FFD4DFC5200}.Release|Any CPU.Build.0 = Release|Any CPU
	EndGlobalSection
	GlobalSection(SolutionProperties) = preSolution
		HideSolutionNode = FALSE
	EndGlobalSection
	GlobalSection(ExtensibilityGlobals) = postSolution
		SolutionGuid = {BD0ABBDA-37EA-4437-8C14-118D2D567B35}
	EndGlobalSection
EndGlobal
